
Microsoft Visual Studio Solution File, Format Version 12.00
# Visual Studio Version 16
VisualStudioVersion = 16.0.29230.47
MinimumVisualStudioVersion = 10.0.40219.1
Project("{FAE04EC0-301F-11D3-BF4B-00C04F79EFBC}") = "MasterExample", "MasterExample\MasterExample.csproj", "{D9BCD5F0-AB54-408A-96CF-593509F92EDF}"
EndProject
Global
	GlobalSection(SolutionConfigurationPlatforms) = preSolution
		Debug|Any CPU = Debug|Any CPU
		Release|Any CPU = Release|Any CPU
	EndGlobalSection
	GlobalSection(ProjectConfigurationPlatforms) = postSolution
		{D9BCD5F0-AB54-408A-96CF-593509F92EDF}.Debug|Any CPU.ActiveCfg = Debug|Any CPU
		{D9BCD5F0-AB54-408A-96CF-593509F92EDF}.Debug|Any CPU.Build.0 = Debug|Any CPU
		{D9BCD5F0-AB54-408A-96CF-593509F92EDF}.Release|Any CPU.ActiveCfg = Release|Any CPU
		{D9BCD5F0-AB54-408A-96CF-593509F92EDF}.Release|Any CPU.Build.0 = Release|Any CPU
	EndGlobalSection
	GlobalSection(SolutionProperties) = preSolution
		HideSolutionNode = FALSE
	EndGlobalSection
	GlobalSection(ExtensibilityGlobals) = postSolution
		SolutionGuid = {239F4820-0DFD-4F6E-B640-1A2BA9741B7D}
	EndGlobalSection
EndGlobal
